{
  "name": "codex-telegram-bot",
  "version": "1.0.0",
  "lockfileVersion": 3,
  "requires": true,
  "packages": {
    "": {
      "name": "codex-telegram-bot",
      "version": "1.0.0",
      "license": "MIT",
      "dependencies": {
        "zeabur": "^0.19.0"
      },
      "engines": {
        "node": ">=20"
      }
    },
    "node_modules/zeabur": {
      "version": "0.19.0",
      "resolved": "https://registry.npmjs.org/zeabur/-/zeabur-0.19.0.tgz",
      "integrity": "sha512-YQD0T6bBAtHibIJiBIJBOS1nkI5Iq7OImhj2RfuHdaCJF48CQ2J8pL1UgdofD3FyMTGxJLYKXbLgvtGWvK2Whg==",
      "bin": {
        "zeabur": "index.js"
      }
    }
  }
}
